
Microsoft Visual Studio Solution File, Format Version 12.00
# Visual Studio 2013
VisualStudioVersion = 12.0.21005.1
MinimumVisualStudioVersion = 10.0.40219.1
Project("{FAE04EC0-301F-11D3-BF4B-00C04F79EFBC}") = "Service", "Service\Service.csproj", "{4D880807-1CBA-403C-A339-619A9756CDDB}"
EndProject
Project("{FAE04EC0-301F-11D3-BF4B-00C04F79EFBC}") = "Client", "Client\Client.csproj", "{EAC5E767-28E5-4A24-A030-2EAC65FAE43B}"
	ProjectSection(ProjectDependencies) = postProject
		{4D880807-1CBA-403C-A339-619A9756CDDB} = {4D880807-1CBA-403C-A339-619A9756CDDB}
	EndProjectSection
EndProject
Project("{FAE04EC0-301F-11D3-BF4B-00C04F79EFBC}") = "Client2", "Client2\Client2.csproj", "{5E645CC0-9D33-4E71-ACFA-E06C815A1252}"
	ProjectSection(ProjectDependencies) = postProject
		{4D880807-1CBA-403C-A339-619A9756CDDB} = {4D880807-1CBA-403C-A339-619A9756CDDB}
	EndProjectSection
EndProject
Project("{FAE04EC0-301F-11D3-BF4B-00C04F79EFBC}") = "Model", "Model\Model.csproj", "{4E1AF7A1-2D29-419C-9784-67CDC9932AC9}"
EndProject
Global
	GlobalSection(SolutionConfigurationPlatforms) = preSolution
		Debug|Any CPU = Debug|Any CPU
		Debug|Mixed Platforms = Debug|Mixed Platforms
		Debug|x86 = Debug|x86
		Release|Any CPU = Release|Any CPU
		Release|Mixed Platforms = Release|Mixed Platforms
		Release|x86 = Release|x86
	EndGlobalSection
	GlobalSection(ProjectConfigurationPlatforms) = postSolution
		{4D880807-1CBA-403C-A339-619A9756CDDB}.Debug|Any CPU.ActiveCfg = Debug|Any CPU
		{4D880807-1CBA-403C-A339-619A9756CDDB}.Debug|Any CPU.Build.0 = Debug|Any CPU
		{4D880807-1CBA-403C-A339-619A9756CDDB}.Debug|Mixed Platforms.ActiveCfg = Debug|Any CPU
		{4D880807-1CBA-403C-A339-619A9756CDDB}.Debug|Mixed Platforms.Build.0 = Debug|Any CPU
		{4D880807-1CBA-403C-A339-619A9756CDDB}.Debug|x86.ActiveCfg = Debug|Any CPU
		{4D880807-1CBA-403C-A339-619A9756CDDB}.Release|Any CPU.ActiveCfg = Release|Any CPU
		{4D880807-1CBA-403C-A339-619A9756CDDB}.Release|Any CPU.Build.0 = Release|Any CPU
		{4D880807-1CBA-403C-A339-619A9756CDDB}.Release|Mixed Platforms.ActiveCfg = Release|Any CPU
		{4D880807-1CBA-403C-A339-619A9756CDDB}.Release|Mixed Platforms.Build.0 = Release|Any CPU
		{4D880807-1CBA-403C-A339-619A9756CDDB}.Release|x86.ActiveCfg = Release|Any CPU
		{EAC5E767-28E5-4A24-A030-2EAC65FAE43B}.Debug|Any CPU.ActiveCfg = Debug|x86
		{EAC5E767-28E5-4A24-A030-2EAC65FAE43B}.Debug|Mixed Platforms.ActiveCfg = Debug|x86
		{EAC5E767-28E5-4A24-A030-2EAC65FAE43B}.Debug|Mixed Platforms.Build.0 = Debug|x86
		{EAC5E767-28E5-4A24-A030-2EAC65FAE43B}.Debug|x86.ActiveCfg = Debug|x86
		{EAC5E767-28E5-4A24-A030-2EAC65FAE43B}.Debug|x86.Build.0 = Debug|x86
		{EAC5E767-28E5-4A24-A030-2EAC65FAE43B}.Release|Any CPU.ActiveCfg = Release|x86
		{EAC5E767-28E5-4A24-A030-2EAC65FAE43B}.Release|Mixed Platforms.ActiveCfg = Release|x86
		{EAC5E767-28E5-4A24-A030-2EAC65FAE43B}.Release|Mixed Platforms.Build.0 = Release|x86
		{EAC5E767-28E5-4A24-A030-2EAC65FAE43B}.Release|x86.ActiveCfg = Release|x86
		{EAC5E767-28E5-4A24-A030-2EAC65FAE43B}.Release|x86.Build.0 = Release|x86
		{5E645CC0-9D33-4E71-ACFA-E06C815A1252}.Debug|Any CPU.ActiveCfg = Debug|Any CPU
		{5E645CC0-9D33-4E71-ACFA-E06C815A1252}.Debug|Any CPU.Build.0 = Debug|Any CPU
		{5E645CC0-9D33-4E71-ACFA-E06C815A1252}.Debug|Mixed Platforms.ActiveCfg = Debug|Any CPU
		{5E645CC0-9D33-4E71-ACFA-E06C815A1252}.Debug|Mixed Platforms.Build.0 = Debug|Any CPU
		{5E645CC0-9D33-4E71-ACFA-E06C815A1252}.Debug|x86.ActiveCfg = Debug|Any CPU
		{5E645CC0-9D33-4E71-ACFA-E06C815A1252}.Release|Any CPU.ActiveCfg = Release|Any CPU
		{5E645CC0-9D33-4E71-ACFA-E06C815A1252}.Release|Any CPU.Build.0 = Release|Any CPU
		{5E645CC0-9D33-4E71-ACFA-E06C815A1252}.Release|Mixed Platforms.ActiveCfg = Release|Any CPU
		{5E645CC0-9D33-4E71-ACFA-E06C815A1252}.Release|Mixed Platforms.Build.0 = Release|Any CPU
		{5E645CC0-9D33-4E71-ACFA-E06C815A1252}.Release|x86.ActiveCfg = Release|Any CPU
		{4E1AF7A1-2D29-419C-9784-67CDC9932AC9}.Debug|Any CPU.ActiveCfg = Debug|Any CPU
		{4E1AF7A1-2D29-419C-9784-67CDC9932AC9}.Debug|Any CPU.Build.0 = Debug|Any CPU
		{4E1AF7A1-2D29-419C-9784-67CDC9932AC9}.Debug|Mixed Platforms.ActiveCfg = Debug|Any CPU
		{4E1AF7A1-2D29-419C-9784-67CDC9932AC9}.Debug|Mixed Platforms.Build.0 = Debug|Any CPU
		{4E1AF7A1-2D29-419C-9784-67CDC9932AC9}.Debug|x86.ActiveCfg = Debug|Any CPU
		{4E1AF7A1-2D29-419C-9784-67CDC9932AC9}.Release|Any CPU.ActiveCfg = Release|Any CPU
		{4E1AF7A1-2D29-419C-9784-67CDC9932AC9}.Release|Any CPU.Build.0 = Release|Any CPU
		{4E1AF7A1-2D29-419C-9784-67CDC9932AC9}.Release|Mixed Platforms.ActiveCfg = Release|Any CPU
		{4E1AF7A1-2D29-419C-9784-67CDC9932AC9}.Release|Mixed Platforms.Build.0 = Release|Any CPU
		{4E1AF7A1-2D29-419C-9784-67CDC9932AC9}.Release|x86.ActiveCfg = Release|Any CPU
	EndGlobalSection
	GlobalSection(SolutionProperties) = preSolution
		HideSolutionNode = FALSE
	EndGlobalSection
EndGlobal
